
Microsoft Visual Studio Solution File, Format Version 12.00
# Visual Studio Version 17
VisualStudioVersion = 17.5.33424.131
MinimumVisualStudioVersion = 10.0.40219.1
Project("{9A19103F-16F7-4668-BE54-9A1E7A4F7556}") = "CensusBuilder", "CensusBuilder\CensusBuilder.csproj", "{F289B826-9E7B-4B31-BA02-9793DEDB2B30}"
EndProject
Project("{9A19103F-16F7-4668-BE54-9A1E7A4F7556}") = "CensusBuilderTests", "CensusBuilderTests\CensusBuilderTests.csproj", "{2A066FAE-AD05-4877-B53C-147418E38A37}"
EndProject
Project("{9A19103F-16F7-4668-BE54-9A1E7A4F7556}") = "CensusMaui", "CensusMaui\CensusMaui.csproj", "{A754B32E-56AB-444B-B04C-85044BD6F1F6}"
EndProject
Project("{9A19103F-16F7-4668-BE54-9A1E7A4F7556}") = "CensusData", "CensusData\CensusData.csproj", "{A0CDBB48-9B89-48BE-86B8-54E2629A4754}"
EndProject
Global
	GlobalSection(SolutionConfigurationPlatforms) = preSolution
		Debug|Any CPU = Debug|Any CPU
		Release|Any CPU = Release|Any CPU
	EndGlobalSection
	GlobalSection(ProjectConfigurationPlatforms) = postSolution
		{F289B826-9E7B-4B31-BA02-9793DEDB2B30}.Debug|Any CPU.ActiveCfg = Debug|Any CPU
		{F289B826-9E7B-4B31-BA02-9793DEDB2B30}.Debug|Any CPU.Build.0 = Debug|Any CPU
		{F289B826-9E7B-4B31-BA02-9793DEDB2B30}.Release|Any CPU.ActiveCfg = Release|Any CPU
		{F289B826-9E7B-4B31-BA02-9793DEDB2B30}.Release|Any CPU.Build.0 = Release|Any CPU
		{2A066FAE-AD05-4877-B53C-147418E38A37}.Debug|Any CPU.ActiveCfg = Debug|Any CPU
		{2A066FAE-AD05-4877-B53C-147418E38A37}.Debug|Any CPU.Build.0 = Debug|Any CPU
		{2A066FAE-AD05-4877-B53C-147418E38A37}.Release|Any CPU.ActiveCfg = Release|Any CPU
		{2A066FAE-AD05-4877-B53C-147418E38A37}.Release|Any CPU.Build.0 = Release|Any CPU
		{A754B32E-56AB-444B-B04C-85044BD6F1F6}.Debug|Any CPU.ActiveCfg = Debug|Any CPU
		{A754B32E-56AB-444B-B04C-85044BD6F1F6}.Debug|Any CPU.Build.0 = Debug|Any CPU
		{A754B32E-56AB-444B-B04C-85044BD6F1F6}.Debug|Any CPU.Deploy.0 = Debug|Any CPU
		{A754B32E-56AB-444B-B04C-85044BD6F1F6}.Release|Any CPU.ActiveCfg = Release|Any CPU
		{A754B32E-56AB-444B-B04C-85044BD6F1F6}.Release|Any CPU.Build.0 = Release|Any CPU
		{A754B32E-56AB-444B-B04C-85044BD6F1F6}.Release|Any CPU.Deploy.0 = Release|Any CPU
		{A0CDBB48-9B89-48BE-86B8-54E2629A4754}.Debug|Any CPU.ActiveCfg = Debug|Any CPU
		{A0CDBB48-9B89-48BE-86B8-54E2629A4754}.Debug|Any CPU.Build.0 = Debug|Any CPU
		{A0CDBB48-9B89-48BE-86B8-54E2629A4754}.Release|Any CPU.ActiveCfg = Release|Any CPU
		{A0CDBB48-9B89-48BE-86B8-54E2629A4754}.Release|Any CPU.Build.0 = Release|Any CPU
	EndGlobalSection
	GlobalSection(SolutionProperties) = preSolution
		HideSolutionNode = FALSE
	EndGlobalSection
	GlobalSection(ExtensibilityGlobals) = postSolution
		SolutionGuid = {B3B3C14C-0ECC-4C0D-B6BF-82EAF674A17B}
	EndGlobalSection
EndGlobal
